
Microsoft Visual Studio Solution File, Format Version 12.00
# Visual Studio 2012
Project("{FAE04EC0-301F-11D3-BF4B-00C04F79EFBC}") = "RegexMastery", "RegexMastery\RegexMastery.csproj", "{2FAAD791-B57D-420B-960B-10D6AD6F6509}"
EndProject
Global
	GlobalSection(SolutionConfigurationPlatforms) = preSolution
		Debug|Any CPU = Debug|Any CPU
		Release|Any CPU = Release|Any CPU
	EndGlobalSection
	GlobalSection(ProjectConfigurationPlatforms) = postSolution
		{2FAAD791-B57D-420B-960B-10D6AD6F6509}.Debug|Any CPU.ActiveCfg = Debug|Any CPU
		{2FAAD791-B57D-420B-960B-10D6AD6F6509}.Debug|Any CPU.Build.0 = Debug|Any CPU
		{2FAAD791-B57D-420B-960B-10D6AD6F6509}.Release|Any CPU.ActiveCfg = Release|Any CPU
		{2FAAD791-B57D-420B-960B-10D6AD6F6509}.Release|Any CPU.Build.0 = Release|Any CPU
	EndGlobalSection
	GlobalSection(SolutionProperties) = preSolution
		HideSolutionNode = FALSE
	EndGlobalSection
EndGlobal
